
Microsoft Visual Studio Solution File, Format Version 12.00
# Visual Studio Version 16
VisualStudioVersion = 16.0.31105.61
MinimumVisualStudioVersion = 10.0.40219.1
Project("{FAE04EC0-301F-11D3-BF4B-00C04F79EFBC}") = "Object-Oriented-Programming", "Object-Oriented-Programming\Object-Oriented-Programming.csproj", "{E8729FE3-EA07-45FC-B71A-ADA2B85C0ACF}"
EndProject
Project("{FAE04EC0-301F-11D3-BF4B-00C04F79EFBC}") = "All-My-Classes", "All-My-Classes\All-My-Classes.csproj", "{EE5C30D4-73B6-49E4-BAFF-389665876325}"
EndProject
Global
	GlobalSection(SolutionConfigurationPlatforms) = preSolution
		Debug|Any CPU = Debug|Any CPU
		Release|Any CPU = Release|Any CPU
	EndGlobalSection
	GlobalSection(ProjectConfigurationPlatforms) = postSolution
		{E8729FE3-EA07-45FC-B71A-ADA2B85C0ACF}.Debug|Any CPU.ActiveCfg = Debug|Any CPU
		{E8729FE3-EA07-45FC-B71A-ADA2B85C0ACF}.Debug|Any CPU.Build.0 = Debug|Any CPU
		{E8729FE3-EA07-45FC-B71A-ADA2B85C0ACF}.Release|Any CPU.ActiveCfg = Release|Any CPU
		{E8729FE3-EA07-45FC-B71A-ADA2B85C0ACF}.Release|Any CPU.Build.0 = Release|Any CPU
		{EE5C30D4-73B6-49E4-BAFF-389665876325}.Debug|Any CPU.ActiveCfg = Debug|Any CPU
		{EE5C30D4-73B6-49E4-BAFF-389665876325}.Debug|Any CPU.Build.0 = Debug|Any CPU
		{EE5C30D4-73B6-49E4-BAFF-389665876325}.Release|Any CPU.ActiveCfg = Release|Any CPU
		{EE5C30D4-73B6-49E4-BAFF-389665876325}.Release|Any CPU.Build.0 = Release|Any CPU
	EndGlobalSection
	GlobalSection(SolutionProperties) = preSolution
		HideSolutionNode = FALSE
	EndGlobalSection
	GlobalSection(ExtensibilityGlobals) = postSolution
		SolutionGuid = {A1BF2F6E-03E5-4A57-895D-B6002A9CA164}
	EndGlobalSection
EndGlobal
